# THIS IS AN AUTOGENERATED FILE. DO NOT EDIT THIS FILE DIRECTLY.
# yarn lockfile v1


tiny-json-http@^7.0.2:
  version "7.1.2"
  resolved "https://registry.yarnpkg.com/tiny-json-http/-/tiny-json-http-7.1.2.tgz#620e189849bab08992ec23fada7b48c7c61637b4"
  integrity sha512-XB9Bu+ohdQso6ziPFNVqK+pcTt0l8BSRkW/CCBq0pUVlLxcYDsorpo7ae5yPhu2CF1xYgJuKVLF7cfOGeLCTlA==
