# THIS IS AN AUTOGENERATED FILE. DO NOT EDIT THIS FILE DIRECTLY.
# yarn lockfile v1


tiny-json-http@^7.0.2:
  version "7.0.2"
  resolved "https://registry.yarnpkg.com/tiny-json-http/-/tiny-json-http-7.0.2.tgz#be5a52d75d4a92046bc1c5c99a928b49eee1cd6b"
  integrity sha512-5MsAvlq5tvgCY98Y7iQPmpP5ZqLzESrv/S5AwXWIvHL0Z0zVVAfWku7WC6V4rHJb+judXhd28KBnE5+FLOVYaQ==
